
Microsoft Visual Studio Solution File, Format Version 11.00
# Visual Studio 2010
Project("{FAE04EC0-301F-11D3-BF4B-00C04F79EFBC}") = "SelfTrackingEnhanced", "SelfTrackingEnhanced\SelfTrackingEnhanced.csproj", "{71695E35-0A5E-4CD3-BD56-3F37E8DF929F}"
EndProject
Global
	GlobalSection(SolutionConfigurationPlatforms) = preSolution
		Debug|Any CPU = Debug|Any CPU
		Release|Any CPU = Release|Any CPU
	EndGlobalSection
	GlobalSection(ProjectConfigurationPlatforms) = postSolution
		{71695E35-0A5E-4CD3-BD56-3F37E8DF929F}.Debug|Any CPU.ActiveCfg = Debug|Any CPU
		{71695E35-0A5E-4CD3-BD56-3F37E8DF929F}.Debug|Any CPU.Build.0 = Debug|Any CPU
		{71695E35-0A5E-4CD3-BD56-3F37E8DF929F}.Release|Any CPU.ActiveCfg = Release|Any CPU
		{71695E35-0A5E-4CD3-BD56-3F37E8DF929F}.Release|Any CPU.Build.0 = Release|Any CPU
	EndGlobalSection
	GlobalSection(SolutionProperties) = preSolution
		HideSolutionNode = FALSE
	EndGlobalSection
EndGlobal
